
Microsoft Visual Studio Solution File, Format Version 12.00
# Visual Studio Version 17
VisualStudioVersion = 17.10.35027.167
MinimumVisualStudioVersion = 10.0.40219.1
Project("{FAE04EC0-301F-11D3-BF4B-00C04F79EFBC}") = "coffe", "coffe\coffe.csproj", "{D2FD99EA-5178-413F-91F7-1D897CF5FBBF}"
EndProject
Global
	GlobalSection(SolutionConfigurationPlatforms) = preSolution
		Debug|Any CPU = Debug|Any CPU
		Release|Any CPU = Release|Any CPU
	EndGlobalSection
	GlobalSection(ProjectConfigurationPlatforms) = postSolution
		{D2FD99EA-5178-413F-91F7-1D897CF5FBBF}.Debug|Any CPU.ActiveCfg = Debug|Any CPU
		{D2FD99EA-5178-413F-91F7-1D897CF5FBBF}.Debug|Any CPU.Build.0 = Debug|Any CPU
		{D2FD99EA-5178-413F-91F7-1D897CF5FBBF}.Release|Any CPU.ActiveCfg = Release|Any CPU
		{D2FD99EA-5178-413F-91F7-1D897CF5FBBF}.Release|Any CPU.Build.0 = Release|Any CPU
	EndGlobalSection
	GlobalSection(SolutionProperties) = preSolution
		HideSolutionNode = FALSE
	EndGlobalSection
	GlobalSection(ExtensibilityGlobals) = postSolution
		SolutionGuid = {00489662-C203-4ECF-911A-805F2535E5F2}
	EndGlobalSection
EndGlobal
